
Microsoft Visual Studio Solution File, Format Version 12.00
# Visual Studio Version 17
VisualStudioVersion = 17.14.36414.22 d17.14
MinimumVisualStudioVersion = 10.0.40219.1
Project("{FAE04EC0-301F-11D3-BF4B-00C04F79EFBC}") = "agregar_tareas", "agregar_tareas\agregar_tareas.csproj", "{88B189CC-A536-44ED-A0E0-7ED5E41D4DAD}"
EndProject
Global
	GlobalSection(SolutionConfigurationPlatforms) = preSolution
		Debug|Any CPU = Debug|Any CPU
		Release|Any CPU = Release|Any CPU
	EndGlobalSection
	GlobalSection(ProjectConfigurationPlatforms) = postSolution
		{88B189CC-A536-44ED-A0E0-7ED5E41D4DAD}.Debug|Any CPU.ActiveCfg = Debug|Any CPU
		{88B189CC-A536-44ED-A0E0-7ED5E41D4DAD}.Debug|Any CPU.Build.0 = Debug|Any CPU
		{88B189CC-A536-44ED-A0E0-7ED5E41D4DAD}.Release|Any CPU.ActiveCfg = Release|Any CPU
		{88B189CC-A536-44ED-A0E0-7ED5E41D4DAD}.Release|Any CPU.Build.0 = Release|Any CPU
	EndGlobalSection
	GlobalSection(SolutionProperties) = preSolution
		HideSolutionNode = FALSE
	EndGlobalSection
	GlobalSection(ExtensibilityGlobals) = postSolution
		SolutionGuid = {10B6BC65-9BD4-499B-AB96-B157996CD7CE}
	EndGlobalSection
EndGlobal
